<?xml version="1.0"?>
<CodeBlocks_project_file>
	<FileVersion major="1" minor="6" />
	<Project>
		<Option title="mySketch" />
		<Option makefile_is_custom="1" />
		<Option pch_mode="2" />
		<Option compiler="gcc" />
		<Option virtualFolders="addons/;src/;" />
		<Build>
			<Target title="Debug">
				<Option output="bin/$(PROJECT_NAME)_debug" prefix_auto="1" extension_auto="1" />
				<Option working_dir="bin" />
				<Option object_output="obj/Debug/" />
				<Option external_deps="../../../libs/openFrameworksCompiled/lib/linux/libopenFrameworksDebug.a;" />
				<Option type="1" />
				<Option compiler="gcc" />
				<Option projectLinkerOptionsRelation="2" />
			</Target>
			<Target title="Release">
				<Option output="bin/$(PROJECT_NAME)" prefix_auto="1" extension_auto="1" />
				<Option working_dir="bin" />
				<Option object_output="obj/Release/" />
				<Option external_deps="../../../libs/openFrameworksCompiled/lib/linux/libopenFrameworks.a;" />
				<Option type="1" />
				<Option compiler="gcc" />
				<Option projectLinkerOptionsRelation="2" />
			</Target>
		</Build>
		<Unit filename="src/main.cpp">
			<Option virtualFolder="src/" />
		</Unit>
		<Unit filename="src/testApp.cpp">
			<Option virtualFolder="src/" />
		</Unit>
		<Unit filename="src/testApp.h">
			<Option virtualFolder="src/" />
		</Unit>
		<Unit filename="config.make">
			<Option virtualFolder="build config" />
		</Unit>
		<Extensions>
			<code_completion />
			<envvars />
			<debugger />
		</Extensions>
		<Unit filename="../../../addons/ofxXmlSettings/src/ofxXmlSettings.cpp">
			<Option virtualFolder="addons/ofxXmlSettings/src" />
		</Unit>
		<Unit filename="../../../addons/ofxXmlSettings/src/ofxXmlSettings.h">
			<Option virtualFolder="addons/ofxXmlSettings/src" />
		</Unit>
		<Unit filename="../../../addons/ofxXmlSettings/libs/tinyxml/src/tinyxml.cpp">
			<Option virtualFolder="addons/ofxXmlSettings/libs/tinyxml/src" />
		</Unit>
		<Unit filename="../../../addons/ofxXmlSettings/libs/tinyxml/src/tinyxmlerror.cpp">
			<Option virtualFolder="addons/ofxXmlSettings/libs/tinyxml/src" />
		</Unit>
		<Unit filename="../../../addons/ofxXmlSettings/libs/tinyxml/src/tinyxml.h">
			<Option virtualFolder="addons/ofxXmlSettings/libs/tinyxml/src" />
		</Unit>
		<Unit filename="../../../addons/ofxXmlSettings/libs/tinyxml/src/tinyxmlparser.cpp">
			<Option virtualFolder="addons/ofxXmlSettings/libs/tinyxml/src" />
		</Unit>
		<Unit filename="../../../addons/ofxVectorGraphics/src/ofxVectorGraphics.cpp">
			<Option virtualFolder="addons/ofxVectorGraphics/src" />
		</Unit>
		<Unit filename="../../../addons/ofxVectorGraphics/src/ofxVectorGraphics.h">
			<Option virtualFolder="addons/ofxVectorGraphics/src" />
		</Unit>
		<Unit filename="../../../addons/ofxVectorGraphics/libs/CreEPS/src/CreEPS_Types.hpp">
			<Option virtualFolder="addons/ofxVectorGraphics/libs/CreEPS/src" />
		</Unit>
		<Unit filename="../../../addons/ofxVectorGraphics/libs/CreEPS/src/CreEPS.cpp">
			<Option virtualFolder="addons/ofxVectorGraphics/libs/CreEPS/src" />
		</Unit>
		<Unit filename="../../../addons/ofxVectorGraphics/libs/CreEPS/src/CreEPS.hpp">
			<Option virtualFolder="addons/ofxVectorGraphics/libs/CreEPS/src" />
		</Unit>
		<Unit filename="../../../addons/ofxUI/src/ofxUIRangeSlider.h">
			<Option virtualFolder="addons/ofxUI/src" />
		</Unit>
		<Unit filename="../../../addons/ofxUI/src/ofxUIButton.h">
			<Option virtualFolder="addons/ofxUI/src" />
		</Unit>
		<Unit filename="../../../addons/ofxUI/src/ofxUIEventArgs.h">
			<Option virtualFolder="addons/ofxUI/src" />
		</Unit>
		<Unit filename="../../../addons/ofxUI/src/ofxUISuperCanvas.h">
			<Option virtualFolder="addons/ofxUI/src" />
		</Unit>
		<Unit filename="../../../addons/ofxUI/src/ofxUIImageSampler.h">
			<Option virtualFolder="addons/ofxUI/src" />
		</Unit>
		<Unit filename="../../../addons/ofxUI/src/ofxUIToggle.h">
			<Option virtualFolder="addons/ofxUI/src" />
		</Unit>
		<Unit filename="../../../addons/ofxUI/src/ofxUISpectrum.h">
			<Option virtualFolder="addons/ofxUI/src" />
		</Unit>
		<Unit filename="../../../addons/ofxUI/src/ofxUILabelToggle.h">
			<Option virtualFolder="addons/ofxUI/src" />
		</Unit>
		<Unit filename="../../../addons/ofxUI/src/ofxUIMultiImageButton.h">
			<Option virtualFolder="addons/ofxUI/src" />
		</Unit>
		<Unit filename="../../../addons/ofxUI/src/ofxUILabel.h">
			<Option virtualFolder="addons/ofxUI/src" />
		</Unit>
		<Unit filename="../../../addons/ofxUI/src/ofxUISlider.h">
			<Option virtualFolder="addons/ofxUI/src" />
		</Unit>
		<Unit filename="../../../addons/ofxUI/src/ofxUICustomImageButton.h">
			<Option virtualFolder="addons/ofxUI/src" />
		</Unit>
		<Unit filename="../../../addons/ofxUI/src/ofxUIToggleMatrix.h">
			<Option virtualFolder="addons/ofxUI/src" />
		</Unit>
		<Unit filename="../../../addons/ofxUI/src/ofxUIWidgetWithLabel.h">
			<Option virtualFolder="addons/ofxUI/src" />
		</Unit>
		<Unit filename="../../../addons/ofxUI/src/ofxUIValuePlotter.h">
			<Option virtualFolder="addons/ofxUI/src" />
		</Unit>
		<Unit filename="../../../addons/ofxUI/src/ofxUIWidget.h">
			<Option virtualFolder="addons/ofxUI/src" />
		</Unit>
		<Unit filename="../../../addons/ofxUI/src/ofxUITextArea.h">
			<Option virtualFolder="addons/ofxUI/src" />
		</Unit>
		<Unit filename="../../../addons/ofxUI/src/ofxUIImageToggle.h">
			<Option virtualFolder="addons/ofxUI/src" />
		</Unit>
		<Unit filename="../../../addons/ofxUI/src/ofxUIMultiImageSlider.h">
			<Option virtualFolder="addons/ofxUI/src" />
		</Unit>
		<Unit filename="../../../addons/ofxUI/src/ofxUIRotarySlider.h">
			<Option virtualFolder="addons/ofxUI/src" />
		</Unit>
		<Unit filename="../../../addons/ofxUI/src/ofxUI.h">
			<Option virtualFolder="addons/ofxUI/src" />
		</Unit>
		<Unit filename="../../../addons/ofxUI/src/ofxUIRadio.h">
			<Option virtualFolder="addons/ofxUI/src" />
		</Unit>
		<Unit filename="../../../addons/ofxUI/src/ofxUIOFWrapper.h">
			<Option virtualFolder="addons/ofxUI/src" />
		</Unit>
		<Unit filename="../../../addons/ofxUI/src/ofxUICanvas.h">
			<Option virtualFolder="addons/ofxUI/src" />
		</Unit>
		<Unit filename="../../../addons/ofxUI/src/ofxUIImageSlider.h">
			<Option virtualFolder="addons/ofxUI/src" />
		</Unit>
		<Unit filename="../../../addons/ofxUI/src/ofxUIBaseDraws.h">
			<Option virtualFolder="addons/ofxUI/src" />
		</Unit>
		<Unit filename="../../../addons/ofxUI/src/ofxUIDropDownList.h">
			<Option virtualFolder="addons/ofxUI/src" />
		</Unit>
		<Unit filename="../../../addons/ofxUI/src/ofxUICircleSlider.h">
			<Option virtualFolder="addons/ofxUI/src" />
		</Unit>
		<Unit filename="../../../addons/ofxUI/src/ofxUIWaveform.h">
			<Option virtualFolder="addons/ofxUI/src" />
		</Unit>
		<Unit filename="../../../addons/ofxUI/src/ofxUIUtils.h">
			<Option virtualFolder="addons/ofxUI/src" />
		</Unit>
		<Unit filename="../../../addons/ofxUI/src/ofxUIMinimalSlider.h">
			<Option virtualFolder="addons/ofxUI/src" />
		</Unit>
		<Unit filename="../../../addons/ofxUI/src/ofxUISpacer.h">
			<Option virtualFolder="addons/ofxUI/src" />
		</Unit>
		<Unit filename="../../../addons/ofxUI/src/ofxUINumberDialer.h">
			<Option virtualFolder="addons/ofxUI/src" />
		</Unit>
		<Unit filename="../../../addons/ofxUI/src/ofxUIFPSSlider.h">
			<Option virtualFolder="addons/ofxUI/src" />
		</Unit>
		<Unit filename="../../../addons/ofxUI/src/ofxUITabBar.h">
			<Option virtualFolder="addons/ofxUI/src" />
		</Unit>
		<Unit filename="../../../addons/ofxUI/src/ofxUIFPS.h">
			<Option virtualFolder="addons/ofxUI/src" />
		</Unit>
		<Unit filename="../../../addons/ofxUI/src/ofxUI2DPad.h">
			<Option virtualFolder="addons/ofxUI/src" />
		</Unit>
		<Unit filename="../../../addons/ofxUI/src/ofxUIImage.h">
			<Option virtualFolder="addons/ofxUI/src" />
		</Unit>
		<Unit filename="../../../addons/ofxUI/src/ofxUIRectangle.h">
			<Option virtualFolder="addons/ofxUI/src" />
		</Unit>
		<Unit filename="../../../addons/ofxUI/src/ofxUI2DGraph.h">
			<Option virtualFolder="addons/ofxUI/src" />
		</Unit>
		<Unit filename="../../../addons/ofxUI/src/ofxUILabelButton.h">
			<Option virtualFolder="addons/ofxUI/src" />
		</Unit>
		<Unit filename="../../../addons/ofxUI/src/ofxUIMultiImageToggle.h">
			<Option virtualFolder="addons/ofxUI/src" />
		</Unit>
		<Unit filename="../../../addons/ofxUI/src/ofxUIMovingGraph.h">
			<Option virtualFolder="addons/ofxUI/src" />
		</Unit>
		<Unit filename="../../../addons/ofxUI/src/ofxUIScrollableCanvas.h">
			<Option virtualFolder="addons/ofxUI/src" />
		</Unit>
		<Unit filename="../../../addons/ofxUI/src/ofxUIBiLabelSlider.h">
			<Option virtualFolder="addons/ofxUI/src" />
		</Unit>
		<Unit filename="../../../addons/ofxUI/src/ofxUIImageButton.h">
			<Option virtualFolder="addons/ofxUI/src" />
		</Unit>
		<Unit filename="../../../addons/ofxUI/src/ofxUITextInput.h">
			<Option virtualFolder="addons/ofxUI/src" />
		</Unit>
	</Project>
</CodeBlocks_project_file>
